
Microsoft Visual Studio Solution File, Format Version 12.00
# Visual Studio Version 17
VisualStudioVersion = 17.8.34408.163
MinimumVisualStudioVersion = 10.0.40219.1
Project("{9A19103F-16F7-4668-BE54-9A1E7A4F7556}") = "hotel", "hotel.csproj", "{9C4EA8A3-35B7-4927-B809-D64AFEB8EFE3}"
EndProject
Project("{FAE04EC0-301F-11D3-BF4B-00C04F79EFBC}") = "Test", "..\Test\Test.csproj", "{7E629262-FDB3-44D9-B6D3-30FD5367A728}"
EndProject
Global
	GlobalSection(SolutionConfigurationPlatforms) = preSolution
		Debug|Any CPU = Debug|Any CPU
		Release|Any CPU = Release|Any CPU
	EndGlobalSection
	GlobalSection(ProjectConfigurationPlatforms) = postSolution
		{9C4EA8A3-35B7-4927-B809-D64AFEB8EFE3}.Debug|Any CPU.ActiveCfg = Debug|Any CPU
		{9C4EA8A3-35B7-4927-B809-D64AFEB8EFE3}.Debug|Any CPU.Build.0 = Debug|Any CPU
		{9C4EA8A3-35B7-4927-B809-D64AFEB8EFE3}.Release|Any CPU.ActiveCfg = Release|Any CPU
		{9C4EA8A3-35B7-4927-B809-D64AFEB8EFE3}.Release|Any CPU.Build.0 = Release|Any CPU
		{7E629262-FDB3-44D9-B6D3-30FD5367A728}.Debug|Any CPU.ActiveCfg = Debug|Any CPU
		{7E629262-FDB3-44D9-B6D3-30FD5367A728}.Debug|Any CPU.Build.0 = Debug|Any CPU
		{7E629262-FDB3-44D9-B6D3-30FD5367A728}.Release|Any CPU.ActiveCfg = Release|Any CPU
		{7E629262-FDB3-44D9-B6D3-30FD5367A728}.Release|Any CPU.Build.0 = Release|Any CPU
	EndGlobalSection
	GlobalSection(SolutionProperties) = preSolution
		HideSolutionNode = FALSE
	EndGlobalSection
	GlobalSection(ExtensibilityGlobals) = postSolution
		SolutionGuid = {612877EF-FC70-44F6-8CFC-0D4A2B328E9C}
	EndGlobalSection
EndGlobal
